
Microsoft Visual Studio Solution File, Format Version 12.00
# Visual Studio Version 17
VisualStudioVersion = 17.9.34728.123
MinimumVisualStudioVersion = 10.0.40219.1
Project("{FAE04EC0-301F-11D3-BF4B-00C04F79EFBC}") = "GestionEmpleadosBonos", "GestionEmpleadosBonos\GestionEmpleadosBonos.csproj", "{7F62258D-C590-4845-979C-98F574489446}"
EndProject
Global
	GlobalSection(SolutionConfigurationPlatforms) = preSolution
		Debug|Any CPU = Debug|Any CPU
		Release|Any CPU = Release|Any CPU
	EndGlobalSection
	GlobalSection(ProjectConfigurationPlatforms) = postSolution
		{7F62258D-C590-4845-979C-98F574489446}.Debug|Any CPU.ActiveCfg = Debug|Any CPU
		{7F62258D-C590-4845-979C-98F574489446}.Debug|Any CPU.Build.0 = Debug|Any CPU
		{7F62258D-C590-4845-979C-98F574489446}.Release|Any CPU.ActiveCfg = Release|Any CPU
		{7F62258D-C590-4845-979C-98F574489446}.Release|Any CPU.Build.0 = Release|Any CPU
	EndGlobalSection
	GlobalSection(SolutionProperties) = preSolution
		HideSolutionNode = FALSE
	EndGlobalSection
	GlobalSection(ExtensibilityGlobals) = postSolution
		SolutionGuid = {095FBA91-DE56-48E9-A099-DD3892DA77DB}
	EndGlobalSection
EndGlobal
